lockfileVersion: '9.0'

settings:
  autoInstallPeers: true
  excludeLinksFromLockfile: false

importers:

  .:
    dependencies:
      class-transformer:
        specifier: ^0.5.1
        version: 0.5.1
      class-validator:
        specifier: ^0.14.1
        version: 0.14.1

packages:

  '@types/validator@13.12.2':
    resolution: {integrity: sha512-6SlHBzUW8Jhf3liqrGGXyTJSIFe4nqlJ5A5KaMZ2l/vbM3Wh3KSybots/wfWVzNLK4D1NZluDlSQIbIEPx6oyA==}

  class-transformer@0.5.1:
    resolution: {integrity: sha512-SQa1Ws6hUbfC98vKGxZH3KFY0Y1lm5Zm0SY8XX9zbK7FJCyVEac3ATW0RIpwzW+oOfmHE5PMPufDG9hCfoEOMw==}

  class-validator@0.14.1:
    resolution: {integrity: sha512-2VEG9JICxIqTpoK1eMzZqaV+u/EiwEJkMGzTrZf6sU/fwsnOITVgYJ8yojSy6CaXtO9V0Cc6ZQZ8h8m4UBuLwQ==}

  libphonenumber-js@1.11.12:
    resolution: {integrity: sha512-QkJn9/D7zZ1ucvT++TQSvZuSA2xAWeUytU+DiEQwbPKLyrDpvbul2AFs1CGbRAPpSCCk47aRAb5DX5mmcayp4g==}

  validator@13.12.0:
    resolution: {integrity: sha512-c1Q0mCiPlgdTVVVIJIrBuxNicYE+t/7oKeI9MWLj3fh/uq2Pxh/3eeWbVZ4OcGW1TUf53At0njHw5SMdA3tmMg==}
    engines: {node: '>= 0.10'}

snapshots:

  '@types/validator@13.12.2': {}

  class-transformer@0.5.1: {}

  class-validator@0.14.1:
    dependencies:
      '@types/validator': 13.12.2
      libphonenumber-js: 1.11.12
      validator: 13.12.0

  libphonenumber-js@1.11.12: {}

  validator@13.12.0: {}
